
Microsoft Visual Studio Solution File, Format Version 12.00
# Visual Studio Version 17
VisualStudioVersion = 17.7.34024.191
MinimumVisualStudioVersion = 10.0.40219.1
Project("{FAE04EC0-301F-11D3-BF4B-00C04F79EFBC}") = "EmployeeServices", "EmployeeServices\EmployeeServices.csproj", "{9870EA47-A123-44C6-A4C0-A3247B462BFA}"
EndProject
Global
	GlobalSection(SolutionConfigurationPlatforms) = preSolution
		Debug|Any CPU = Debug|Any CPU
		Release|Any CPU = Release|Any CPU
	EndGlobalSection
	GlobalSection(ProjectConfigurationPlatforms) = postSolution
		{9870EA47-A123-44C6-A4C0-A3247B462BFA}.Debug|Any CPU.ActiveCfg = Debug|Any CPU
		{9870EA47-A123-44C6-A4C0-A3247B462BFA}.Debug|Any CPU.Build.0 = Debug|Any CPU
		{9870EA47-A123-44C6-A4C0-A3247B462BFA}.Release|Any CPU.ActiveCfg = Release|Any CPU
		{9870EA47-A123-44C6-A4C0-A3247B462BFA}.Release|Any CPU.Build.0 = Release|Any CPU
	EndGlobalSection
	GlobalSection(SolutionProperties) = preSolution
		HideSolutionNode = FALSE
	EndGlobalSection
	GlobalSection(ExtensibilityGlobals) = postSolution
		SolutionGuid = {BB18CC84-63E9-466F-B135-70D6A4E8589F}
	EndGlobalSection
EndGlobal
